// !$*UTF8*$!
{
	archiveVersion = 1;
	classes = {
	};
	objectVersion = 55;
	objects = {

/* Begin PBXBuildFile section */
		2B4B04172867EC7F0033C076 /* MovieFavorite.xcdatamodeld in Sources */ = {isa = PBXBuildFile; fileRef = 2B4B04152867EC7F0033C076 /* MovieFavorite.xcdatamodeld */; };
		2B4B041E2867EFFC0033C076 /* MovieWatched.xcdatamodeld in Sources */ = {isa = PBXBuildFile; fileRef = 2B4B041C2867EFFC0033C076 /* MovieWatched.xcdatamodeld */; };
		2B4B04212867F0130033C076 /* MovieRolls.xcdatamodeld in Sources */ = {isa = PBXBuildFile; fileRef = 2B4B041F2867F0130033C076 /* MovieRolls.xcdatamodeld */; };
		2B4B04302867F1250033C076 /* MovieFavorite+CoreDataClass.swift in Sources */ = {isa = PBXBuildFile; fileRef = 2B4B042E2867F1250033C076 /* MovieFavorite+CoreDataClass.swift */; };
		2B4B04312867F1250033C076 /* MovieFavorite+CoreDataProperties.swift in Sources */ = {isa = PBXBuildFile; fileRef = 2B4B042F2867F1250033C076 /* MovieFavorite+CoreDataProperties.swift */; };
		2B4B04342867F1340033C076 /* MovieWatched+CoreDataClass.swift in Sources */ = {isa = PBXBuildFile; fileRef = 2B4B04322867F1340033C076 /* MovieWatched+CoreDataClass.swift */; };
		2B4B04352867F1340033C076 /* MovieWatched+CoreDataProperties.swift in Sources */ = {isa = PBXBuildFile; fileRef = 2B4B04332867F1340033C076 /* MovieWatched+CoreDataProperties.swift */; };
		2B4B043C2867F2160033C076 /* MovieRolls+CoreDataClass.swift in Sources */ = {isa = PBXBuildFile; fileRef = 2B4B043A2867F2160033C076 /* MovieRolls+CoreDataClass.swift */; };
		2B4B043D2867F2160033C076 /* MovieRolls+CoreDataProperties.swift in Sources */ = {isa = PBXBuildFile; fileRef = 2B4B043B2867F2160033C076 /* MovieRolls+CoreDataProperties.swift */; };
		2B808F62286A95FE00E2C069 /* AmsiPro-Regular.otf in Resources */ = {isa = PBXBuildFile; fileRef = 2B808F5B286A95FD00E2C069 /* AmsiPro-Regular.otf */; };
		2B808F63286A95FE00E2C069 /* AmsiPro-SemiBold.otf in Resources */ = {isa = PBXBuildFile; fileRef = 2B808F5C286A95FD00E2C069 /* AmsiPro-SemiBold.otf */; };
		2B808F65286A95FE00E2C069 /* AmsiPro-Bold.otf in Resources */ = {isa = PBXBuildFile; fileRef = 2B808F5E286A95FD00E2C069 /* AmsiPro-Bold.otf */; };
		2B808F67286A95FE00E2C069 /* AmsiPro-Light.otf in Resources */ = {isa = PBXBuildFile; fileRef = 2B808F60286A95FD00E2C069 /* AmsiPro-Light.otf */; };
		2B808F68286A95FE00E2C069 /* AmsiPro-XLight.otf in Resources */ = {isa = PBXBuildFile; fileRef = 2B808F61286A95FE00E2C069 /* AmsiPro-XLight.otf */; };
		2B84BA9B285BC1B000C996D2 /* Provider.swift in Sources */ = {isa = PBXBuildFile; fileRef = 2B84BA9A285BC1B000C996D2 /* Provider.swift */; };
		4205B16928537BE90041ED5C /* Movie.swift in Sources */ = {isa = PBXBuildFile; fileRef = 4205B16828537BE90041ED5C /* Movie.swift */; };
		4247B010284B85E9004A12EE /* Service.swift in Sources */ = {isa = PBXBuildFile; fileRef = 4247B00F284B85E9004A12EE /* Service.swift */; };
		4247B014284B886D004A12EE /* LancamentosTableViewCell.swift in Sources */ = {isa = PBXBuildFile; fileRef = 4247B013284B886D004A12EE /* LancamentosTableViewCell.swift */; };
		4247B016284B8BFF004A12EE /* LancamentosCollectionViewCell.swift in Sources */ = {isa = PBXBuildFile; fileRef = 4247B015284B8BFF004A12EE /* LancamentosCollectionViewCell.swift */; };
		4247B019284B95FE004A12EE /* LancamentosViewModel.swift in Sources */ = {isa = PBXBuildFile; fileRef = 4247B018284B95FE004A12EE /* LancamentosViewModel.swift */; };
		4256CE45283E4CAA0017DD5F /* AppDelegate.swift in Sources */ = {isa = PBXBuildFile; fileRef = 4256CE44283E4CAA0017DD5F /* AppDelegate.swift */; };
		4256CE47283E4CAA0017DD5F /* SceneDelegate.swift in Sources */ = {isa = PBXBuildFile; fileRef = 4256CE46283E4CAA0017DD5F /* SceneDelegate.swift */; };
		4256CE49283E4CAA0017DD5F /* PerfilViewController.swift in Sources */ = {isa = PBXBuildFile; fileRef = 4256CE48283E4CAA0017DD5F /* PerfilViewController.swift */; };
		4256CE4C283E4CAA0017DD5F /* Main.storyboard in Resources */ = {isa = PBXBuildFile; fileRef = 4256CE4A283E4CAA0017DD5F /* Main.storyboard */; };
		4256CE4E283E4CAB0017DD5F /* Assets.xcassets in Resources */ = {isa = PBXBuildFile; fileRef = 4256CE4D283E4CAB0017DD5F /* Assets.xcassets */; };
		4256CE51283E4CAB0017DD5F /* LaunchScreen.storyboard in Resources */ = {isa = PBXBuildFile; fileRef = 4256CE4F283E4CAB0017DD5F /* LaunchScreen.storyboard */; };
		426A9122285049A5009D1AE2 /* LoginViewController.swift in Sources */ = {isa = PBXBuildFile; fileRef = 426A9121285049A5009D1AE2 /* LoginViewController.swift */; };
		426A912428504B0D009D1AE2 /* TabBarController.swift in Sources */ = {isa = PBXBuildFile; fileRef = 426A912328504B0D009D1AE2 /* TabBarController.swift */; };
		42863EFF28678BAB0051A6BD /* CoreDataService.swift in Sources */ = {isa = PBXBuildFile; fileRef = 42863EFE28678BAB0051A6BD /* CoreDataService.swift */; };
		429FFF2E284BD5200079C159 /* DetalhesFilmeViewController.swift in Sources */ = {isa = PBXBuildFile; fileRef = 429FFF2D284BD5200079C159 /* DetalhesFilmeViewController.swift */; };
		429FFF30284BD92C0079C159 /* DetalhesFilmeViewModel.swift in Sources */ = {isa = PBXBuildFile; fileRef = 429FFF2F284BD92C0079C159 /* DetalhesFilmeViewModel.swift */; };
		8A1B0173284E67E10097D4D6 /* ConfiguracoesViewModel.swift in Sources */ = {isa = PBXBuildFile; fileRef = 8A1B0172284E67E10097D4D6 /* ConfiguracoesViewModel.swift */; };
		8A3BA16F284A5F6800C74C77 /* User.swift in Sources */ = {isa = PBXBuildFile; fileRef = 8A3BA16E284A5F6800C74C77 /* User.swift */; };
		8A3BA171284A607100C74C77 /* OptionsDoPerfil.swift in Sources */ = {isa = PBXBuildFile; fileRef = 8A3BA170284A607100C74C77 /* OptionsDoPerfil.swift */; };
		8A3BA177284A659E00C74C77 /* PerfilViewModel.swift in Sources */ = {isa = PBXBuildFile; fileRef = 8A3BA176284A659E00C74C77 /* PerfilViewModel.swift */; };
		8A72D0B4283FA12800977B34 /* RoletaViewController.swift in Sources */ = {isa = PBXBuildFile; fileRef = 8A72D0B3283FA12800977B34 /* RoletaViewController.swift */; };
		8A72D0B6283FA14600977B34 /* LancamentosViewController.swift in Sources */ = {isa = PBXBuildFile; fileRef = 8A72D0B5283FA14600977B34 /* LancamentosViewController.swift */; };
		8ADFC41D284B7A6000CBDBA2 /* MeusDadosViewController.swift in Sources */ = {isa = PBXBuildFile; fileRef = 8ADFC41C284B7A6000CBDBA2 /* MeusDadosViewController.swift */; };
		8ADFC41F284B7A8C00CBDBA2 /* HistoricoViewController.swift in Sources */ = {isa = PBXBuildFile; fileRef = 8ADFC41E284B7A8C00CBDBA2 /* HistoricoViewController.swift */; };
		8ADFC421284B7AAC00CBDBA2 /* ConfiguracoesViewController.swift in Sources */ = {isa = PBXBuildFile; fileRef = 8ADFC420284B7AAC00CBDBA2 /* ConfiguracoesViewController.swift */; };
		8ADFC423284B7ABE00CBDBA2 /* AjudaViewController.swift in Sources */ = {isa = PBXBuildFile; fileRef = 8ADFC422284B7ABE00CBDBA2 /* AjudaViewController.swift */; };
		8AF64927284E2B4F00308711 /* MeusDadosViewModel.swift in Sources */ = {isa = PBXBuildFile; fileRef = 8AF64926284E2B4F00308711 /* MeusDadosViewModel.swift */; };
		8AF64929284E2B6F00308711 /* HistoricoViewModel.swift in Sources */ = {isa = PBXBuildFile; fileRef = 8AF64928284E2B6F00308711 /* HistoricoViewModel.swift */; };
		8AF6492B284E2C1100308711 /* HistoricoCellViewModel.swift in Sources */ = {isa = PBXBuildFile; fileRef = 8AF6492A284E2C1100308711 /* HistoricoCellViewModel.swift */; };
		8AF6492D284E350400308711 /* HistoricoCollectionViewCell.swift in Sources */ = {isa = PBXBuildFile; fileRef = 8AF6492C284E350400308711 /* HistoricoCollectionViewCell.swift */; };
		C635E81E284C4DAF00DF525E /* PlataformasCollectionViewCell.swift in Sources */ = {isa = PBXBuildFile; fileRef = C635E81D284C4DAE00DF525E /* PlataformasCollectionViewCell.swift */; };
		C635E820284C4EF100DF525E /* RoletaViewModel.swift in Sources */ = {isa = PBXBuildFile; fileRef = C635E81F284C4EF000DF525E /* RoletaViewModel.swift */; };
/* End PBXBuildFile section */

/* Begin PBXFileReference section */
		2B4B04162867EC7F0033C076 /* CoreDataMovie.xcdatamodel */ = {isa = PBXFileReference; lastKnownFileType = wrapper.xcdatamodel; path = CoreDataMovie.xcdatamodel; sourceTree = "<group>"; };
		2B4B041D2867EFFC0033C076 /* MovieWatched.xcdatamodel */ = {isa = PBXFileReference; lastKnownFileType = wrapper.xcdatamodel; path = MovieWatched.xcdatamodel; sourceTree = "<group>"; };
		2B4B04202867F0130033C076 /* MovieRolls.xcdatamodel */ = {isa = PBXFileReference; lastKnownFileType = wrapper.xcdatamodel; path = MovieRolls.xcdatamodel; sourceTree = "<group>"; };
		2B4B042E2867F1250033C076 /* MovieFavorite+CoreDataClass.swift */ = {isa = PBXFileReference; lastKnownFileType = sourcecode.swift; path = "MovieFavorite+CoreDataClass.swift"; sourceTree = "<group>"; };
		2B4B042F2867F1250033C076 /* MovieFavorite+CoreDataProperties.swift */ = {isa = PBXFileReference; lastKnownFileType = sourcecode.swift; path = "MovieFavorite+CoreDataProperties.swift"; sourceTree = "<group>"; };
		2B4B04322867F1340033C076 /* MovieWatched+CoreDataClass.swift */ = {isa = PBXFileReference; lastKnownFileType = sourcecode.swift; path = "MovieWatched+CoreDataClass.swift"; sourceTree = "<group>"; };
		2B4B04332867F1340033C076 /* MovieWatched+CoreDataProperties.swift */ = {isa = PBXFileReference; lastKnownFileType = sourcecode.swift; path = "MovieWatched+CoreDataProperties.swift"; sourceTree = "<group>"; };
		2B4B043A2867F2160033C076 /* MovieRolls+CoreDataClass.swift */ = {isa = PBXFileReference; lastKnownFileType = sourcecode.swift; path = "MovieRolls+CoreDataClass.swift"; sourceTree = "<group>"; };
		2B4B043B2867F2160033C076 /* MovieRolls+CoreDataProperties.swift */ = {isa = PBXFileReference; lastKnownFileType = sourcecode.swift; path = "MovieRolls+CoreDataProperties.swift"; sourceTree = "<group>"; };
		2B808F5B286A95FD00E2C069 /* AmsiPro-Regular.otf */ = {isa = PBXFileReference; lastKnownFileType = file; path = "AmsiPro-Regular.otf"; sourceTree = "<group>"; };
		2B808F5C286A95FD00E2C069 /* AmsiPro-SemiBold.otf */ = {isa = PBXFileReference; lastKnownFileType = file; path = "AmsiPro-SemiBold.otf"; sourceTree = "<group>"; };
		2B808F5E286A95FD00E2C069 /* AmsiPro-Bold.otf */ = {isa = PBXFileReference; lastKnownFileType = file; path = "AmsiPro-Bold.otf"; sourceTree = "<group>"; };
		2B808F60286A95FD00E2C069 /* AmsiPro-Light.otf */ = {isa = PBXFileReference; lastKnownFileType = file; path = "AmsiPro-Light.otf"; sourceTree = "<group>"; };
		2B808F61286A95FE00E2C069 /* AmsiPro-XLight.otf */ = {isa = PBXFileReference; lastKnownFileType = file; path = "AmsiPro-XLight.otf"; sourceTree = "<group>"; };
		2B84BA9A285BC1B000C996D2 /* Provider.swift */ = {isa = PBXFileReference; lastKnownFileType = sourcecode.swift; path = Provider.swift; sourceTree = "<group>"; };
		4205B16828537BE90041ED5C /* Movie.swift */ = {isa = PBXFileReference; lastKnownFileType = sourcecode.swift; path = Movie.swift; sourceTree = "<group>"; };
		4247B00F284B85E9004A12EE /* Service.swift */ = {isa = PBXFileReference; lastKnownFileType = sourcecode.swift; path = Service.swift; sourceTree = "<group>"; };
		4247B013284B886D004A12EE /* LancamentosTableViewCell.swift */ = {isa = PBXFileReference; lastKnownFileType = sourcecode.swift; path = LancamentosTableViewCell.swift; sourceTree = "<group>"; };
		4247B015284B8BFF004A12EE /* LancamentosCollectionViewCell.swift */ = {isa = PBXFileReference; lastKnownFileType = sourcecode.swift; path = LancamentosCollectionViewCell.swift; sourceTree = "<group>"; };
		4247B018284B95FE004A12EE /* LancamentosViewModel.swift */ = {isa = PBXFileReference; lastKnownFileType = sourcecode.swift; path = LancamentosViewModel.swift; sourceTree = "<group>"; };
		4256CE41283E4CAA0017DD5F /* MovieRoll.app */ = {isa = PBXFileReference; explicitFileType = wrapper.application; includeInIndex = 0; path = MovieRoll.app; sourceTree = BUILT_PRODUCTS_DIR; };
		4256CE44283E4CAA0017DD5F /* AppDelegate.swift */ = {isa = PBXFileReference; lastKnownFileType = sourcecode.swift; path = AppDelegate.swift; sourceTree = "<group>"; };
		4256CE46283E4CAA0017DD5F /* SceneDelegate.swift */ = {isa = PBXFileReference; lastKnownFileType = sourcecode.swift; path = SceneDelegate.swift; sourceTree = "<group>"; };
		4256CE48283E4CAA0017DD5F /* PerfilViewController.swift */ = {isa = PBXFileReference; lastKnownFileType = sourcecode.swift; path = PerfilViewController.swift; sourceTree = "<group>"; };
		4256CE4B283E4CAA0017DD5F /* Base */ = {isa = PBXFileReference; lastKnownFileType = file.storyboard; name = Base; path = Base.lproj/Main.storyboard; sourceTree = "<group>"; };
		4256CE4D283E4CAB0017DD5F /* Assets.xcassets */ = {isa = PBXFileReference; lastKnownFileType = folder.assetcatalog; path = Assets.xcassets; sourceTree = "<group>"; };
		4256CE50283E4CAB0017DD5F /* Base */ = {isa = PBXFileReference; lastKnownFileType = file.storyboard; name = Base; path = Base.lproj/LaunchScreen.storyboard; sourceTree = "<group>"; };
		4256CE52283E4CAB0017DD5F /* Info.plist */ = {isa = PBXFileReference; lastKnownFileType = text.plist.xml; path = Info.plist; sourceTree = "<group>"; };
		426A9121285049A5009D1AE2 /* LoginViewController.swift */ = {isa = PBXFileReference; lastKnownFileType = sourcecode.swift; path = LoginViewController.swift; sourceTree = "<group>"; };
		426A912328504B0D009D1AE2 /* TabBarController.swift */ = {isa = PBXFileReference; lastKnownFileType = sourcecode.swift; path = TabBarController.swift; sourceTree = "<group>"; };
		42863EFE28678BAB0051A6BD /* CoreDataService.swift */ = {isa = PBXFileReference; lastKnownFileType = sourcecode.swift; path = CoreDataService.swift; sourceTree = "<group>"; };
		429FFF2D284BD5200079C159 /* DetalhesFilmeViewController.swift */ = {isa = PBXFileReference; lastKnownFileType = sourcecode.swift; path = DetalhesFilmeViewController.swift; sourceTree = "<group>"; };
		429FFF2F284BD92C0079C159 /* DetalhesFilmeViewModel.swift */ = {isa = PBXFileReference; lastKnownFileType = sourcecode.swift; path = DetalhesFilmeViewModel.swift; sourceTree = "<group>"; };
		8A1B0172284E67E10097D4D6 /* ConfiguracoesViewModel.swift */ = {isa = PBXFileReference; lastKnownFileType = sourcecode.swift; path = ConfiguracoesViewModel.swift; sourceTree = "<group>"; };
		8A3BA16E284A5F6800C74C77 /* User.swift */ = {isa = PBXFileReference; lastKnownFileType = sourcecode.swift; path = User.swift; sourceTree = "<group>"; };
		8A3BA170284A607100C74C77 /* OptionsDoPerfil.swift */ = {isa = PBXFileReference; lastKnownFileType = sourcecode.swift; path = OptionsDoPerfil.swift; sourceTree = "<group>"; };
		8A3BA176284A659E00C74C77 /* PerfilViewModel.swift */ = {isa = PBXFileReference; lastKnownFileType = sourcecode.swift; path = PerfilViewModel.swift; sourceTree = "<group>"; };
		8A72D0B3283FA12800977B34 /* RoletaViewController.swift */ = {isa = PBXFileReference; lastKnownFileType = sourcecode.swift; path = RoletaViewController.swift; sourceTree = "<group>"; };
		8A72D0B5283FA14600977B34 /* LancamentosViewController.swift */ = {isa = PBXFileReference; lastKnownFileType = sourcecode.swift; path = LancamentosViewController.swift; sourceTree = "<group>"; };
		8ADFC41C284B7A6000CBDBA2 /* MeusDadosViewController.swift */ = {isa = PBXFileReference; lastKnownFileType = sourcecode.swift; path = MeusDadosViewController.swift; sourceTree = "<group>"; };
		8ADFC41E284B7A8C00CBDBA2 /* HistoricoViewController.swift */ = {isa = PBXFileReference; lastKnownFileType = sourcecode.swift; path = HistoricoViewController.swift; sourceTree = "<group>"; };
		8ADFC420284B7AAC00CBDBA2 /* ConfiguracoesViewController.swift */ = {isa = PBXFileReference; lastKnownFileType = sourcecode.swift; path = ConfiguracoesViewController.swift; sourceTree = "<group>"; };
		8ADFC422284B7ABE00CBDBA2 /* AjudaViewController.swift */ = {isa = PBXFileReference; lastKnownFileType = sourcecode.swift; path = AjudaViewController.swift; sourceTree = "<group>"; };
		8AF64926284E2B4F00308711 /* MeusDadosViewModel.swift */ = {isa = PBXFileReference; lastKnownFileType = sourcecode.swift; path = MeusDadosViewModel.swift; sourceTree = "<group>"; };
		8AF64928284E2B6F00308711 /* HistoricoViewModel.swift */ = {isa = PBXFileReference; lastKnownFileType = sourcecode.swift; path = HistoricoViewModel.swift; sourceTree = "<group>"; };
		8AF6492A284E2C1100308711 /* HistoricoCellViewModel.swift */ = {isa = PBXFileReference; lastKnownFileType = sourcecode.swift; path = HistoricoCellViewModel.swift; sourceTree = "<group>"; };
		8AF6492C284E350400308711 /* HistoricoCollectionViewCell.swift */ = {isa = PBXFileReference; lastKnownFileType = sourcecode.swift; path = HistoricoCollectionViewCell.swift; sourceTree = "<group>"; };
		C635E81D284C4DAE00DF525E /* PlataformasCollectionViewCell.swift */ = {isa = PBXFileReference; lastKnownFileType = sourcecode.swift; path = PlataformasCollectionViewCell.swift; sourceTree = "<group>"; };
		C635E81F284C4EF000DF525E /* RoletaViewModel.swift */ = {isa = PBXFileReference; lastKnownFileType = sourcecode.swift; path = RoletaViewModel.swift; sourceTree = "<group>"; };
/* End PBXFileReference section */

/* Begin PBXFrameworksBuildPhase section */
		4256CE3E283E4CAA0017DD5F /* Frameworks */ = {
			isa = PBXFrameworksBuildPhase;
			buildActionMask = 2147483647;
			files = (
			);
			runOnlyForDeploymentPostprocessing = 0;
		};
/* End PBXFrameworksBuildPhase section */

/* Begin PBXGroup section */
		2B13DBA8286A1D2B00349F32 /* Resources */ = {
			isa = PBXGroup;
			children = (
				2B808F58286A95B000E2C069 /* font */,
				4256CE4A283E4CAA0017DD5F /* Main.storyboard */,
				4256CE4F283E4CAB0017DD5F /* LaunchScreen.storyboard */,
				4256CE4D283E4CAB0017DD5F /* Assets.xcassets */,
			);
			path = Resources;
			sourceTree = "<group>";
		};
		2B13DBA9286A1D3200349F32 /* Utils */ = {
			isa = PBXGroup;
			children = (
				4256CE44283E4CAA0017DD5F /* AppDelegate.swift */,
				4256CE46283E4CAA0017DD5F /* SceneDelegate.swift */,
			);
			path = Utils;
			sourceTree = "<group>";
		};
		2B13DBAA286A1D9600349F32 /* Service */ = {
			isa = PBXGroup;
			children = (
				42863EFE28678BAB0051A6BD /* CoreDataService.swift */,
				4247B00F284B85E9004A12EE /* Service.swift */,
			);
			path = Service;
			sourceTree = "<group>";
		};
		2B13DBAB286A1DC700349F32 /* CoreData */ = {
			isa = PBXGroup;
			children = (
				2B4B04152867EC7F0033C076 /* MovieFavorite.xcdatamodeld */,
				2B4B041C2867EFFC0033C076 /* MovieWatched.xcdatamodeld */,
				2B4B041F2867F0130033C076 /* MovieRolls.xcdatamodeld */,
			);
			path = CoreData;
			sourceTree = "<group>";
		};
		2B13DBAC286A26CB00349F32 /* Perfil */ = {
			isa = PBXGroup;
			children = (
				4256CE48283E4CAA0017DD5F /* PerfilViewController.swift */,
			);
			path = Perfil;
			sourceTree = "<group>";
		};
		2B13DBAD286A26DA00349F32 /* MeusDados */ = {
			isa = PBXGroup;
			children = (
				8ADFC41C284B7A6000CBDBA2 /* MeusDadosViewController.swift */,
			);
			path = MeusDados;
			sourceTree = "<group>";
		};
		2B13DBAE286A26E900349F32 /* Historico */ = {
			isa = PBXGroup;
			children = (
				2B179EAD2852911D0050487A /* Cells */,
				8ADFC41E284B7A8C00CBDBA2 /* HistoricoViewController.swift */,
			);
			path = Historico;
			sourceTree = "<group>";
		};
		2B179EAD2852911D0050487A /* Cells */ = {
			isa = PBXGroup;
			children = (
				8AF6492C284E350400308711 /* HistoricoCollectionViewCell.swift */,
			);
			path = Cells;
			sourceTree = "<group>";
		};
		2B179EAE285291380050487A /* Cells */ = {
			isa = PBXGroup;
			children = (
				C635E81D284C4DAE00DF525E /* PlataformasCollectionViewCell.swift */,
			);
			path = Cells;
			sourceTree = "<group>";
		};
		2B179EAF285291440050487A /* Cells */ = {
			isa = PBXGroup;
			children = (
				4247B013284B886D004A12EE /* LancamentosTableViewCell.swift */,
				4247B015284B8BFF004A12EE /* LancamentosCollectionViewCell.swift */,
			);
			path = Cells;
			sourceTree = "<group>";
		};
		2B179EB0285291820050487A /* DetalhesFilme */ = {
			isa = PBXGroup;
			children = (
				429FFF2F284BD92C0079C159 /* DetalhesFilmeViewModel.swift */,
			);
			path = DetalhesFilme;
			sourceTree = "<group>";
		};
		2B179EB12852931A0050487A /* CellsViewModel */ = {
			isa = PBXGroup;
			children = (
				8AF6492A284E2C1100308711 /* HistoricoCellViewModel.swift */,
			);
			path = CellsViewModel;
			sourceTree = "<group>";
		};
		2B4B03F82867E6480033C076 /* CoreDataModel */ = {
			isa = PBXGroup;
			children = (
				2B4B043A2867F2160033C076 /* MovieRolls+CoreDataClass.swift */,
				2B4B043B2867F2160033C076 /* MovieRolls+CoreDataProperties.swift */,
				2B4B04322867F1340033C076 /* MovieWatched+CoreDataClass.swift */,
				2B4B04332867F1340033C076 /* MovieWatched+CoreDataProperties.swift */,
				2B4B042E2867F1250033C076 /* MovieFavorite+CoreDataClass.swift */,
				2B4B042F2867F1250033C076 /* MovieFavorite+CoreDataProperties.swift */,
			);
			path = CoreDataModel;
			sourceTree = "<group>";
		};
		2B808F58286A95B000E2C069 /* font */ = {
			isa = PBXGroup;
			children = (
				2B808F5E286A95FD00E2C069 /* AmsiPro-Bold.otf */,
				2B808F60286A95FD00E2C069 /* AmsiPro-Light.otf */,
				2B808F5B286A95FD00E2C069 /* AmsiPro-Regular.otf */,
				2B808F5C286A95FD00E2C069 /* AmsiPro-SemiBold.otf */,
				2B808F61286A95FE00E2C069 /* AmsiPro-XLight.otf */,
			);
			path = font;
			sourceTree = "<group>";
		};
		2BA7C7BE284BD2A100013C13 /* Perfil */ = {
			isa = PBXGroup;
			children = (
				2B13DBAC286A26CB00349F32 /* Perfil */,
				2B13DBAD286A26DA00349F32 /* MeusDados */,
				2B13DBAE286A26E900349F32 /* Historico */,
				2BF5D3CB2870DEC200B5AAEE /* Configurações */,
				2BF5D3CC2870DF1C00B5AAEE /* Ajuda */,
			);
			path = Perfil;
			sourceTree = "<group>";
		};
		2BA7C7BF284BD2C300013C13 /* Perfil */ = {
			isa = PBXGroup;
			children = (
				2B179EB12852931A0050487A /* CellsViewModel */,
				8A3BA176284A659E00C74C77 /* PerfilViewModel.swift */,
				8AF64926284E2B4F00308711 /* MeusDadosViewModel.swift */,
				8AF64928284E2B6F00308711 /* HistoricoViewModel.swift */,
				8A1B0172284E67E10097D4D6 /* ConfiguracoesViewModel.swift */,
			);
			path = Perfil;
			sourceTree = "<group>";
		};
		2BA7C7C1284BD30800013C13 /* Roleta */ = {
			isa = PBXGroup;
			children = (
				2B179EAE285291380050487A /* Cells */,
				8A72D0B3283FA12800977B34 /* RoletaViewController.swift */,
			);
			path = Roleta;
			sourceTree = "<group>";
		};
		2BD40F86284FD24600AD1859 /* DetalhesFilme */ = {
			isa = PBXGroup;
			children = (
				429FFF2D284BD5200079C159 /* DetalhesFilmeViewController.swift */,
			);
			path = DetalhesFilme;
			sourceTree = "<group>";
		};
		2BF5D3CB2870DEC200B5AAEE /* Configurações */ = {
			isa = PBXGroup;
			children = (
				8ADFC420284B7AAC00CBDBA2 /* ConfiguracoesViewController.swift */,
			);
			name = "Configurações";
			path = "Configurações";
			sourceTree = "<group>";
		};
		2BF5D3CC2870DF1C00B5AAEE /* Ajuda */ = {
			isa = PBXGroup;
			children = (
				8ADFC422284B7ABE00CBDBA2 /* AjudaViewController.swift */,
			);
			path = Ajuda;
			sourceTree = "<group>";
		};
		421693F02849796A001F431E /* Model */ = {
			isa = PBXGroup;
			children = (
				2B4B03F82867E6480033C076 /* CoreDataModel */,
				4205B16828537BE90041ED5C /* Movie.swift */,
				2B84BA9A285BC1B000C996D2 /* Provider.swift */,
				8A3BA170284A607100C74C77 /* OptionsDoPerfil.swift */,
				8A3BA16E284A5F6800C74C77 /* User.swift */,
			);
			path = Model;
			sourceTree = "<group>";
		};
		421693F128497972001F431E /* View */ = {
			isa = PBXGroup;
			children = (
				426A912328504B0D009D1AE2 /* TabBarController.swift */,
				422B4B202850848A00E67014 /* Login */,
				2BD40F86284FD24600AD1859 /* DetalhesFilme */,
				4247B017284B8D1F004A12EE /* Lancamentos */,
				2BA7C7C1284BD30800013C13 /* Roleta */,
				2BA7C7BE284BD2A100013C13 /* Perfil */,
			);
			path = View;
			sourceTree = "<group>";
		};
		421693F228497979001F431E /* ViewModel */ = {
			isa = PBXGroup;
			children = (
				2B179EB0285291820050487A /* DetalhesFilme */,
				4247B01C284B967F004A12EE /* Lancamentos */,
				42E2BFE8284D22C700B01F08 /* Roleta */,
				2BA7C7BF284BD2C300013C13 /* Perfil */,
			);
			path = ViewModel;
			sourceTree = "<group>";
		};
		422B4B202850848A00E67014 /* Login */ = {
			isa = PBXGroup;
			children = (
				426A9121285049A5009D1AE2 /* LoginViewController.swift */,
			);
			path = Login;
			sourceTree = "<group>";
		};
		4247B017284B8D1F004A12EE /* Lancamentos */ = {
			isa = PBXGroup;
			children = (
				8A72D0B5283FA14600977B34 /* LancamentosViewController.swift */,
				2B179EAF285291440050487A /* Cells */,
			);
			path = Lancamentos;
			sourceTree = "<group>";
		};
		4247B01C284B967F004A12EE /* Lancamentos */ = {
			isa = PBXGroup;
			children = (
				4247B018284B95FE004A12EE /* LancamentosViewModel.swift */,
			);
			path = Lancamentos;
			sourceTree = "<group>";
		};
		4256CE38283E4CAA0017DD5F = {
			isa = PBXGroup;
			children = (
				4256CE43283E4CAA0017DD5F /* MovieRoll */,
				4256CE42283E4CAA0017DD5F /* Products */,
			);
			sourceTree = "<group>";
		};
		4256CE42283E4CAA0017DD5F /* Products */ = {
			isa = PBXGroup;
			children = (
				4256CE41283E4CAA0017DD5F /* MovieRoll.app */,
			);
			name = Products;
			sourceTree = "<group>";
		};
		4256CE43283E4CAA0017DD5F /* MovieRoll */ = {
			isa = PBXGroup;
			children = (
				2B13DBA9286A1D3200349F32 /* Utils */,
				2B13DBAB286A1DC700349F32 /* CoreData */,
				2B13DBAA286A1D9600349F32 /* Service */,
				2B13DBA8286A1D2B00349F32 /* Resources */,
				421693F02849796A001F431E /* Model */,
				421693F128497972001F431E /* View */,
				421693F228497979001F431E /* ViewModel */,
				4256CE52283E4CAB0017DD5F /* Info.plist */,
			);
			path = MovieRoll;
			sourceTree = "<group>";
		};
		42E2BFE8284D22C700B01F08 /* Roleta */ = {
			isa = PBXGroup;
			children = (
				C635E81F284C4EF000DF525E /* RoletaViewModel.swift */,
			);
			path = Roleta;
			sourceTree = "<group>";
		};
/* End PBXGroup section */

/* Begin PBXNativeTarget section */
		4256CE40283E4CAA0017DD5F /* MovieRoll */ = {
			isa = PBXNativeTarget;
			buildConfigurationList = 4256CE55283E4CAB0017DD5F /* Build configuration list for PBXNativeTarget "MovieRoll" */;
			buildPhases = (
				4256CE3D283E4CAA0017DD5F /* Sources */,
				4256CE3E283E4CAA0017DD5F /* Frameworks */,
				4256CE3F283E4CAA0017DD5F /* Resources */,
			);
			buildRules = (
			);
			dependencies = (
			);
			name = MovieRoll;
			productName = MovieRoll;
			productReference = 4256CE41283E4CAA0017DD5F /* MovieRoll.app */;
			productType = "com.apple.product-type.application";
		};
/* End PBXNativeTarget section */

/* Begin PBXProject section */
		4256CE39283E4CAA0017DD5F /* Project object */ = {
			isa = PBXProject;
			attributes = {
				BuildIndependentTargetsInParallel = 1;
				LastSwiftUpdateCheck = 1310;
				LastUpgradeCheck = 1310;
				TargetAttributes = {
					4256CE40283E4CAA0017DD5F = {
						CreatedOnToolsVersion = 13.1;
					};
				};
			};
			buildConfigurationList = 4256CE3C283E4CAA0017DD5F /* Build configuration list for PBXProject "MovieRoll" */;
			compatibilityVersion = "Xcode 13.0";
			developmentRegion = en;
			hasScannedForEncodings = 0;
			knownRegions = (
				en,
				Base,
			);
			mainGroup = 4256CE38283E4CAA0017DD5F;
			productRefGroup = 4256CE42283E4CAA0017DD5F /* Products */;
			projectDirPath = "";
			projectRoot = "";
			targets = (
				4256CE40283E4CAA0017DD5F /* MovieRoll */,
			);
		};
/* End PBXProject section */

/* Begin PBXResourcesBuildPhase section */
		4256CE3F283E4CAA0017DD5F /* Resources */ = {
			isa = PBXResourcesBuildPhase;
			buildActionMask = 2147483647;
			files = (
				2B808F65286A95FE00E2C069 /* AmsiPro-Bold.otf in Resources */,
				4256CE51283E4CAB0017DD5F /* LaunchScreen.storyboard in Resources */,
				2B808F63286A95FE00E2C069 /* AmsiPro-SemiBold.otf in Resources */,
				4256CE4E283E4CAB0017DD5F /* Assets.xcassets in Resources */,
				2B808F62286A95FE00E2C069 /* AmsiPro-Regular.otf in Resources */,
				2B808F67286A95FE00E2C069 /* AmsiPro-Light.otf in Resources */,
				2B808F68286A95FE00E2C069 /* AmsiPro-XLight.otf in Resources */,
				4256CE4C283E4CAA0017DD5F /* Main.storyboard in Resources */,
			);
			runOnlyForDeploymentPostprocessing = 0;
		};
/* End PBXResourcesBuildPhase section */

/* Begin PBXSourcesBuildPhase section */
		4256CE3D283E4CAA0017DD5F /* Sources */ = {
			isa = PBXSourcesBuildPhase;
			buildActionMask = 2147483647;
			files = (
				426A9122285049A5009D1AE2 /* LoginViewController.swift in Sources */,
				8A3BA171284A607100C74C77 /* OptionsDoPerfil.swift in Sources */,
				2B84BA9B285BC1B000C996D2 /* Provider.swift in Sources */,
				429FFF2E284BD5200079C159 /* DetalhesFilmeViewController.swift in Sources */,
				8A1B0173284E67E10097D4D6 /* ConfiguracoesViewModel.swift in Sources */,
				2B4B041E2867EFFC0033C076 /* MovieWatched.xcdatamodeld in Sources */,
				2B4B04302867F1250033C076 /* MovieFavorite+CoreDataClass.swift in Sources */,
				8AF64929284E2B6F00308711 /* HistoricoViewModel.swift in Sources */,
				2B4B04312867F1250033C076 /* MovieFavorite+CoreDataProperties.swift in Sources */,
				2B4B04212867F0130033C076 /* MovieRolls.xcdatamodeld in Sources */,
				8ADFC41D284B7A6000CBDBA2 /* MeusDadosViewController.swift in Sources */,
				C635E81E284C4DAF00DF525E /* PlataformasCollectionViewCell.swift in Sources */,
				8AF6492B284E2C1100308711 /* HistoricoCellViewModel.swift in Sources */,
				4247B014284B886D004A12EE /* LancamentosTableViewCell.swift in Sources */,
				2B4B04342867F1340033C076 /* MovieWatched+CoreDataClass.swift in Sources */,
				4247B019284B95FE004A12EE /* LancamentosViewModel.swift in Sources */,
				4256CE49283E4CAA0017DD5F /* PerfilViewController.swift in Sources */,
				8ADFC421284B7AAC00CBDBA2 /* ConfiguracoesViewController.swift in Sources */,
				2B4B04352867F1340033C076 /* MovieWatched+CoreDataProperties.swift in Sources */,
				4205B16928537BE90041ED5C /* Movie.swift in Sources */,
				4256CE45283E4CAA0017DD5F /* AppDelegate.swift in Sources */,
				429FFF30284BD92C0079C159 /* DetalhesFilmeViewModel.swift in Sources */,
				8A3BA16F284A5F6800C74C77 /* User.swift in Sources */,
				4256CE47283E4CAA0017DD5F /* SceneDelegate.swift in Sources */,
				42863EFF28678BAB0051A6BD /* CoreDataService.swift in Sources */,
				8ADFC423284B7ABE00CBDBA2 /* AjudaViewController.swift in Sources */,
				8A72D0B6283FA14600977B34 /* LancamentosViewController.swift in Sources */,
				2B4B04172867EC7F0033C076 /* MovieFavorite.xcdatamodeld in Sources */,
				8A72D0B4283FA12800977B34 /* RoletaViewController.swift in Sources */,
				C635E820284C4EF100DF525E /* RoletaViewModel.swift in Sources */,
				4247B010284B85E9004A12EE /* Service.swift in Sources */,
				8AF6492D284E350400308711 /* HistoricoCollectionViewCell.swift in Sources */,
				4247B016284B8BFF004A12EE /* LancamentosCollectionViewCell.swift in Sources */,
				8AF64927284E2B4F00308711 /* MeusDadosViewModel.swift in Sources */,
				426A912428504B0D009D1AE2 /* TabBarController.swift in Sources */,
				2B4B043C2867F2160033C076 /* MovieRolls+CoreDataClass.swift in Sources */,
				2B4B043D2867F2160033C076 /* MovieRolls+CoreDataProperties.swift in Sources */,
				8ADFC41F284B7A8C00CBDBA2 /* HistoricoViewController.swift in Sources */,
				8A3BA177284A659E00C74C77 /* PerfilViewModel.swift in Sources */,
			);
			runOnlyForDeploymentPostprocessing = 0;
		};
/* End PBXSourcesBuildPhase section */

/* Begin PBXVariantGroup section */
		4256CE4A283E4CAA0017DD5F /* Main.storyboard */ = {
			isa = PBXVariantGroup;
			children = (
				4256CE4B283E4CAA0017DD5F /* Base */,
			);
			name = Main.storyboard;
			sourceTree = "<group>";
		};
		4256CE4F283E4CAB0017DD5F /* LaunchScreen.storyboard */ = {
			isa = PBXVariantGroup;
			children = (
				4256CE50283E4CAB0017DD5F /* Base */,
			);
			name = LaunchScreen.storyboard;
			sourceTree = "<group>";
		};
/* End PBXVariantGroup section */

/* Begin XCBuildConfiguration section */
		4256CE53283E4CAB0017DD5F /* Debug */ = {
			isa = XCBuildConfiguration;
			buildSettings = {
				ALWAYS_SEARCH_USER_PATHS = NO;
				CLANG_ANALYZER_NONNULL = YES;
				CLANG_ANALYZER_NUMBER_OBJECT_CONVERSION = YES_AGGRESSIVE;
				CLANG_CXX_LANGUAGE_STANDARD = "gnu++17";
				CLANG_CXX_LIBRARY = "libc++";
				CLANG_ENABLE_MODULES = YES;
				CLANG_ENABLE_OBJC_ARC = YES;
				CLANG_ENABLE_OBJC_WEAK = YES;
				CLANG_WARN_BLOCK_CAPTURE_AUTORELEASING = YES;
				CLANG_WARN_BOOL_CONVERSION = YES;
				CLANG_WARN_COMMA = YES;
				CLANG_WARN_CONSTANT_CONVERSION = YES;
				CLANG_WARN_DEPRECATED_OBJC_IMPLEMENTATIONS = YES;
				CLANG_WARN_DIRECT_OBJC_ISA_USAGE = YES_ERROR;
				CLANG_WARN_DOCUMENTATION_COMMENTS = YES;
				CLANG_WARN_EMPTY_BODY = YES;
				CLANG_WARN_ENUM_CONVERSION = YES;
				CLANG_WARN_INFINITE_RECURSION = YES;
				CLANG_WARN_INT_CONVERSION = YES;
				CLANG_WARN_NON_LITERAL_NULL_CONVERSION = YES;
				CLANG_WARN_OBJC_IMPLICIT_RETAIN_SELF = YES;
				CLANG_WARN_OBJC_LITERAL_CONVERSION = YES;
				CLANG_WARN_OBJC_ROOT_CLASS = YES_ERROR;
				CLANG_WARN_QUOTED_INCLUDE_IN_FRAMEWORK_HEADER = YES;
				CLANG_WARN_RANGE_LOOP_ANALYSIS = YES;
				CLANG_WARN_STRICT_PROTOTYPES = YES;
				CLANG_WARN_SUSPICIOUS_MOVE = YES;
				CLANG_WARN_UNGUARDED_AVAILABILITY = YES_AGGRESSIVE;
				CLANG_WARN_UNREACHABLE_CODE = YES;
				CLANG_WARN__DUPLICATE_METHOD_MATCH = YES;
				COPY_PHASE_STRIP = NO;
				DEBUG_INFORMATION_FORMAT = dwarf;
				ENABLE_STRICT_OBJC_MSGSEND = YES;
				ENABLE_TESTABILITY = YES;
				GCC_C_LANGUAGE_STANDARD = gnu11;
				GCC_DYNAMIC_NO_PIC = NO;
				GCC_NO_COMMON_BLOCKS = YES;
				GCC_OPTIMIZATION_LEVEL = 0;
				GCC_PREPROCESSOR_DEFINITIONS = (
					"DEBUG=1",
					"$(inherited)",
				);
				GCC_WARN_64_TO_32_BIT_CONVERSION = YES;
				GCC_WARN_ABOUT_RETURN_TYPE = YES_ERROR;
				GCC_WARN_UNDECLARED_SELECTOR = YES;
				GCC_WARN_UNINITIALIZED_AUTOS = YES_AGGRESSIVE;
				GCC_WARN_UNUSED_FUNCTION = YES;
				GCC_WARN_UNUSED_VARIABLE = YES;
				IPHONEOS_DEPLOYMENT_TARGET = 15.0;
				MTL_ENABLE_DEBUG_INFO = INCLUDE_SOURCE;
				MTL_FAST_MATH = YES;
				ONLY_ACTIVE_ARCH = YES;
				SDKROOT = iphoneos;
				SWIFT_ACTIVE_COMPILATION_CONDITIONS = DEBUG;
				SWIFT_OPTIMIZATION_LEVEL = "-Onone";
			};
			name = Debug;
		};
		4256CE54283E4CAB0017DD5F /* Release */ = {
			isa = XCBuildConfiguration;
			buildSettings = {
				ALWAYS_SEARCH_USER_PATHS = NO;
				CLANG_ANALYZER_NONNULL = YES;
				CLANG_ANALYZER_NUMBER_OBJECT_CONVERSION = YES_AGGRESSIVE;
				CLANG_CXX_LANGUAGE_STANDARD = "gnu++17";
				CLANG_CXX_LIBRARY = "libc++";
				CLANG_ENABLE_MODULES = YES;
				CLANG_ENABLE_OBJC_ARC = YES;
				CLANG_ENABLE_OBJC_WEAK = YES;
				CLANG_WARN_BLOCK_CAPTURE_AUTORELEASING = YES;
				CLANG_WARN_BOOL_CONVERSION = YES;
				CLANG_WARN_COMMA = YES;
				CLANG_WARN_CONSTANT_CONVERSION = YES;
				CLANG_WARN_DEPRECATED_OBJC_IMPLEMENTATIONS = YES;
				CLANG_WARN_DIRECT_OBJC_ISA_USAGE = YES_ERROR;
				CLANG_WARN_DOCUMENTATION_COMMENTS = YES;
				CLANG_WARN_EMPTY_BODY = YES;
				CLANG_WARN_ENUM_CONVERSION = YES;
				CLANG_WARN_INFINITE_RECURSION = YES;
				CLANG_WARN_INT_CONVERSION = YES;
				CLANG_WARN_NON_LITERAL_NULL_CONVERSION = YES;
				CLANG_WARN_OBJC_IMPLICIT_RETAIN_SELF = YES;
				CLANG_WARN_OBJC_LITERAL_CONVERSION = YES;
				CLANG_WARN_OBJC_ROOT_CLASS = YES_ERROR;
				CLANG_WARN_QUOTED_INCLUDE_IN_FRAMEWORK_HEADER = YES;
				CLANG_WARN_RANGE_LOOP_ANALYSIS = YES;
				CLANG_WARN_STRICT_PROTOTYPES = YES;
				CLANG_WARN_SUSPICIOUS_MOVE = YES;
				CLANG_WARN_UNGUARDED_AVAILABILITY = YES_AGGRESSIVE;
				CLANG_WARN_UNREACHABLE_CODE = YES;
				CLANG_WARN__DUPLICATE_METHOD_MATCH = YES;
				COPY_PHASE_STRIP = NO;
				DEBUG_INFORMATION_FORMAT = "dwarf-with-dsym";
				ENABLE_NS_ASSERTIONS = NO;
				ENABLE_STRICT_OBJC_MSGSEND = YES;
				GCC_C_LANGUAGE_STANDARD = gnu11;
				GCC_NO_COMMON_BLOCKS = YES;
				GCC_WARN_64_TO_32_BIT_CONVERSION = YES;
				GCC_WARN_ABOUT_RETURN_TYPE = YES_ERROR;
				GCC_WARN_UNDECLARED_SELECTOR = YES;
				GCC_WARN_UNINITIALIZED_AUTOS = YES_AGGRESSIVE;
				GCC_WARN_UNUSED_FUNCTION = YES;
				GCC_WARN_UNUSED_VARIABLE = YES;
				IPHONEOS_DEPLOYMENT_TARGET = 15.0;
				MTL_ENABLE_DEBUG_INFO = NO;
				MTL_FAST_MATH = YES;
				SDKROOT = iphoneos;
				SWIFT_COMPILATION_MODE = wholemodule;
				SWIFT_OPTIMIZATION_LEVEL = "-O";
				VALIDATE_PRODUCT = YES;
			};
			name = Release;
		};
		4256CE56283E4CAB0017DD5F /* Debug */ = {
			isa = XCBuildConfiguration;
			buildSettings = {
				ASSETCATALOG_COMPILER_APPICON_NAME = AppIcon;
				ASSETCATALOG_COMPILER_GLOBAL_ACCENT_COLOR_NAME = AccentColor;
				CODE_SIGN_STYLE = Automatic;
				CURRENT_PROJECT_VERSION = 1;
				DEVELOPMENT_TEAM = 9879F29M9V;
				GENERATE_INFOPLIST_FILE = YES;
				INFOPLIST_FILE = MovieRoll/Info.plist;
				INFOPLIST_KEY_UIApplicationSupportsIndirectInputEvents = YES;
				INFOPLIST_KEY_UILaunchStoryboardName = LaunchScreen;
				INFOPLIST_KEY_UIMainStoryboardFile = Main;
				INFOPLIST_KEY_UISupportedInterfaceOrientations = UIInterfaceOrientationPortrait;
				INFOPLIST_KEY_UISupportedInterfaceOrientations_iPad = "UIInterfaceOrientationPortrait UIInterfaceOrientationPortraitUpsideDown UIInterfaceOrientationLandscapeLeft UIInterfaceOrientationLandscapeRight";
				INFOPLIST_KEY_UISupportedInterfaceOrientations_iPhone = "UIInterfaceOrientationPortrait UIInterfaceOrientationLandscapeLeft UIInterfaceOrientationLandscapeRight";
				LD_RUNPATH_SEARCH_PATHS = (
					"$(inherited)",
					"@executable_path/Frameworks",
				);
				MARKETING_VERSION = 1.0;
				PRODUCT_BUNDLE_IDENTIFIER = akabezerra.MovieRoll;
				PRODUCT_NAME = "$(TARGET_NAME)";
				SWIFT_EMIT_LOC_STRINGS = YES;
				SWIFT_VERSION = 5.0;
				TARGETED_DEVICE_FAMILY = 1;
			};
			name = Debug;
		};
		4256CE57283E4CAB0017DD5F /* Release */ = {
			isa = XCBuildConfiguration;
			buildSettings = {
				ASSETCATALOG_COMPILER_APPICON_NAME = AppIcon;
				ASSETCATALOG_COMPILER_GLOBAL_ACCENT_COLOR_NAME = AccentColor;
				CODE_SIGN_STYLE = Automatic;
				CURRENT_PROJECT_VERSION = 1;
				DEVELOPMENT_TEAM = 9879F29M9V;
				GENERATE_INFOPLIST_FILE = YES;
				INFOPLIST_FILE = MovieRoll/Info.plist;
				INFOPLIST_KEY_UIApplicationSupportsIndirectInputEvents = YES;
				INFOPLIST_KEY_UILaunchStoryboardName = LaunchScreen;
				INFOPLIST_KEY_UIMainStoryboardFile = Main;
				INFOPLIST_KEY_UISupportedInterfaceOrientations = UIInterfaceOrientationPortrait;
				INFOPLIST_KEY_UISupportedInterfaceOrientations_iPad = "UIInterfaceOrientationPortrait UIInterfaceOrientationPortraitUpsideDown UIInterfaceOrientationLandscapeLeft UIInterfaceOrientationLandscapeRight";
				INFOPLIST_KEY_UISupportedInterfaceOrientations_iPhone = "UIInterfaceOrientationPortrait UIInterfaceOrientationLandscapeLeft UIInterfaceOrientationLandscapeRight";
				LD_RUNPATH_SEARCH_PATHS = (
					"$(inherited)",
					"@executable_path/Frameworks",
				);
				MARKETING_VERSION = 1.0;
				PRODUCT_BUNDLE_IDENTIFIER = akabezerra.MovieRoll;
				PRODUCT_NAME = "$(TARGET_NAME)";
				SWIFT_EMIT_LOC_STRINGS = YES;
				SWIFT_VERSION = 5.0;
				TARGETED_DEVICE_FAMILY = 1;
			};
			name = Release;
		};
/* End XCBuildConfiguration section */

/* Begin XCConfigurationList section */
		4256CE3C283E4CAA0017DD5F /* Build configuration list for PBXProject "MovieRoll" */ = {
			isa = XCConfigurationList;
			buildConfigurations = (
				4256CE53283E4CAB0017DD5F /* Debug */,
				4256CE54283E4CAB0017DD5F /* Release */,
			);
			defaultConfigurationIsVisible = 0;
			defaultConfigurationName = Release;
		};
		4256CE55283E4CAB0017DD5F /* Build configuration list for PBXNativeTarget "MovieRoll" */ = {
			isa = XCConfigurationList;
			buildConfigurations = (
				4256CE56283E4CAB0017DD5F /* Debug */,
				4256CE57283E4CAB0017DD5F /* Release */,
			);
			defaultConfigurationIsVisible = 0;
			defaultConfigurationName = Release;
		};
/* End XCConfigurationList section */

/* Begin XCVersionGroup section */
		2B4B04152867EC7F0033C076 /* MovieFavorite.xcdatamodeld */ = {
			isa = XCVersionGroup;
			children = (
				2B4B04162867EC7F0033C076 /* CoreDataMovie.xcdatamodel */,
			);
			currentVersion = 2B4B04162867EC7F0033C076 /* CoreDataMovie.xcdatamodel */;
			path = MovieFavorite.xcdatamodeld;
			sourceTree = "<group>";
			versionGroupType = wrapper.xcdatamodel;
		};
		2B4B041C2867EFFC0033C076 /* MovieWatched.xcdatamodeld */ = {
			isa = XCVersionGroup;
			children = (
				2B4B041D2867EFFC0033C076 /* MovieWatched.xcdatamodel */,
			);
			currentVersion = 2B4B041D2867EFFC0033C076 /* MovieWatched.xcdatamodel */;
			path = MovieWatched.xcdatamodeld;
			sourceTree = "<group>";
			versionGroupType = wrapper.xcdatamodel;
		};
		2B4B041F2867F0130033C076 /* MovieRolls.xcdatamodeld */ = {
			isa = XCVersionGroup;
			children = (
				2B4B04202867F0130033C076 /* MovieRolls.xcdatamodel */,
			);
			currentVersion = 2B4B04202867F0130033C076 /* MovieRolls.xcdatamodel */;
			path = MovieRolls.xcdatamodeld;
			sourceTree = "<group>";
			versionGroupType = wrapper.xcdatamodel;
		};
/* End XCVersionGroup section */
	};
	rootObject = 4256CE39283E4CAA0017DD5F /* Project object */;
}
